
Microsoft Visual Studio Solution File, Format Version 12.00
# Visual Studio Version 17
VisualStudioVersion = 17.0.32112.339
MinimumVisualStudioVersion = 10.0.40219.1
Project("{6EC3EE1D-3C4E-46DD-8F32-0CC8E7565705}") = "LR6_11", "LR6_11\LR6_11.fsproj", "{D89C5BF7-49EC-4225-94B6-86DF3395244C}"
EndProject
Project("{F2A71F9B-5D33-465A-A702-920D77279786}") = "LR6_12 - 1.11", "LR6_12 - 1.11\LR6_12 - 1.11.fsproj", "{9CB382AF-24CE-4CE8-8D7D-5CE5D52F53E9}"
EndProject
Project("{F2A71F9B-5D33-465A-A702-920D77279786}") = "LR6_13 - 1.10", "LR6_13 - 1.10\LR6_13 - 1.10.fsproj", "{E95E175F-164D-400C-B111-BAE789E985CB}"
EndProject
Project("{F2A71F9B-5D33-465A-A702-920D77279786}") = "LR6_14 - 1.21", "LR6_14 - 1.21\LR6_14 - 1.21.fsproj", "{09FDCD67-2B9D-4712-94D3-D7072D2298D7}"
EndProject
Project("{F2A71F9B-5D33-465A-A702-920D77279786}") = "LR6_15 - 1.23", "LR6_15 - 1.23\LR6_15 - 1.23.fsproj", "{D1DDC4AA-DDD4-4492-87FA-00546662A60E}"
EndProject
Project("{F2A71F9B-5D33-465A-A702-920D77279786}") = "LR6_16 - 1.33", "LR6_16 - 1.33\LR6_16 - 1.33.fsproj", "{E726D732-1443-4BE2-8B76-871A85832B01}"
EndProject
Global
	GlobalSection(SolutionConfigurationPlatforms) = preSolution
		Debug|Any CPU = Debug|Any CPU
		Release|Any CPU = Release|Any CPU
	EndGlobalSection
	GlobalSection(ProjectConfigurationPlatforms) = postSolution
		{D89C5BF7-49EC-4225-94B6-86DF3395244C}.Debug|Any CPU.ActiveCfg = Debug|Any CPU
		{D89C5BF7-49EC-4225-94B6-86DF3395244C}.Debug|Any CPU.Build.0 = Debug|Any CPU
		{D89C5BF7-49EC-4225-94B6-86DF3395244C}.Release|Any CPU.ActiveCfg = Release|Any CPU
		{D89C5BF7-49EC-4225-94B6-86DF3395244C}.Release|Any CPU.Build.0 = Release|Any CPU
		{9CB382AF-24CE-4CE8-8D7D-5CE5D52F53E9}.Debug|Any CPU.ActiveCfg = Debug|Any CPU
		{9CB382AF-24CE-4CE8-8D7D-5CE5D52F53E9}.Debug|Any CPU.Build.0 = Debug|Any CPU
		{9CB382AF-24CE-4CE8-8D7D-5CE5D52F53E9}.Release|Any CPU.ActiveCfg = Release|Any CPU
		{9CB382AF-24CE-4CE8-8D7D-5CE5D52F53E9}.Release|Any CPU.Build.0 = Release|Any CPU
		{E95E175F-164D-400C-B111-BAE789E985CB}.Debug|Any CPU.ActiveCfg = Debug|Any CPU
		{E95E175F-164D-400C-B111-BAE789E985CB}.Debug|Any CPU.Build.0 = Debug|Any CPU
		{E95E175F-164D-400C-B111-BAE789E985CB}.Release|Any CPU.ActiveCfg = Release|Any CPU
		{E95E175F-164D-400C-B111-BAE789E985CB}.Release|Any CPU.Build.0 = Release|Any CPU
		{09FDCD67-2B9D-4712-94D3-D7072D2298D7}.Debug|Any CPU.ActiveCfg = Debug|Any CPU
		{09FDCD67-2B9D-4712-94D3-D7072D2298D7}.Debug|Any CPU.Build.0 = Debug|Any CPU
		{09FDCD67-2B9D-4712-94D3-D7072D2298D7}.Release|Any CPU.ActiveCfg = Release|Any CPU
		{09FDCD67-2B9D-4712-94D3-D7072D2298D7}.Release|Any CPU.Build.0 = Release|Any CPU
		{D1DDC4AA-DDD4-4492-87FA-00546662A60E}.Debug|Any CPU.ActiveCfg = Debug|Any CPU
		{D1DDC4AA-DDD4-4492-87FA-00546662A60E}.Debug|Any CPU.Build.0 = Debug|Any CPU
		{D1DDC4AA-DDD4-4492-87FA-00546662A60E}.Release|Any CPU.ActiveCfg = Release|Any CPU
		{D1DDC4AA-DDD4-4492-87FA-00546662A60E}.Release|Any CPU.Build.0 = Release|Any CPU
		{E726D732-1443-4BE2-8B76-871A85832B01}.Debug|Any CPU.ActiveCfg = Debug|Any CPU
		{E726D732-1443-4BE2-8B76-871A85832B01}.Debug|Any CPU.Build.0 = Debug|Any CPU
		{E726D732-1443-4BE2-8B76-871A85832B01}.Release|Any CPU.ActiveCfg = Release|Any CPU
		{E726D732-1443-4BE2-8B76-871A85832B01}.Release|Any CPU.Build.0 = Release|Any CPU
	EndGlobalSection
	GlobalSection(SolutionProperties) = preSolution
		HideSolutionNode = FALSE
	EndGlobalSection
	GlobalSection(ExtensibilityGlobals) = postSolution
		SolutionGuid = {07C86D7F-A219-4B50-B432-191844FB1FF1}
	EndGlobalSection
EndGlobal
