
Microsoft Visual Studio Solution File, Format Version 12.00
# Visual Studio Version 17
VisualStudioVersion = 17.0.31919.166
MinimumVisualStudioVersion = 10.0.40219.1
Project("{F2A71F9B-5D33-465A-A702-920D77279786}") = "LR8_1", "LR8_1\LR8_1.fsproj", "{04BC1B1B-7C28-4FA1-9497-D43A893E649F}"
EndProject
Project("{F2A71F9B-5D33-465A-A702-920D77279786}") = "LR8_5-10", "LR8_5-10\LR8_5-10.fsproj", "{1EAD2E96-52C5-4301-BB80-4705D0410B53}"
EndProject
Global
	GlobalSection(SolutionConfigurationPlatforms) = preSolution
		Debug|Any CPU = Debug|Any CPU
		Release|Any CPU = Release|Any CPU
	EndGlobalSection
	GlobalSection(ProjectConfigurationPlatforms) = postSolution
		{04BC1B1B-7C28-4FA1-9497-D43A893E649F}.Debug|Any CPU.ActiveCfg = Debug|Any CPU
		{04BC1B1B-7C28-4FA1-9497-D43A893E649F}.Debug|Any CPU.Build.0 = Debug|Any CPU
		{04BC1B1B-7C28-4FA1-9497-D43A893E649F}.Release|Any CPU.ActiveCfg = Release|Any CPU
		{04BC1B1B-7C28-4FA1-9497-D43A893E649F}.Release|Any CPU.Build.0 = Release|Any CPU
		{1EAD2E96-52C5-4301-BB80-4705D0410B53}.Debug|Any CPU.ActiveCfg = Debug|Any CPU
		{1EAD2E96-52C5-4301-BB80-4705D0410B53}.Debug|Any CPU.Build.0 = Debug|Any CPU
		{1EAD2E96-52C5-4301-BB80-4705D0410B53}.Release|Any CPU.ActiveCfg = Release|Any CPU
		{1EAD2E96-52C5-4301-BB80-4705D0410B53}.Release|Any CPU.Build.0 = Release|Any CPU
	EndGlobalSection
	GlobalSection(SolutionProperties) = preSolution
		HideSolutionNode = FALSE
	EndGlobalSection
	GlobalSection(ExtensibilityGlobals) = postSolution
		SolutionGuid = {718283EA-A298-4950-8622-0AB12C55B3AE}
	EndGlobalSection
EndGlobal
