
Microsoft Visual Studio Solution File, Format Version 12.00
# Visual Studio Version 17
VisualStudioVersion = 17.0.31919.166
MinimumVisualStudioVersion = 10.0.40219.1
Project("{F2A71F9B-5D33-465A-A702-920D77279786}") = "LR8_5-10", "LR8_5-10\LR8_5-10.fsproj", "{1EAD2E96-52C5-4301-BB80-4705D0410B53}"
EndProject
Project("{F2A71F9B-5D33-465A-A702-920D77279786}") = "LR8_1", "LR8_1\LR8_1.fsproj", "{0AE9ADDD-825A-4505-BAD3-D8821C452EAA}"
EndProject
Project("{F2A71F9B-5D33-465A-A702-920D77279786}") = "LR8_2", "LR8_2\LR8_2.fsproj", "{1E4C9DF1-242B-46E9-9369-1F74C5B97122}"
EndProject
Project("{F2A71F9B-5D33-465A-A702-920D77279786}") = "LR8_3", "LR8_3\LR8_3.fsproj", "{D0398E4C-4420-4190-9109-712F232110A6}"
EndProject
Project("{F2A71F9B-5D33-465A-A702-920D77279786}") = "LR8_4", "LR8_4\LR8_4.fsproj", "{101DBF40-D7EB-47B6-A055-513DE141DE07}"
EndProject
Global
	GlobalSection(SolutionConfigurationPlatforms) = preSolution
		Debug|Any CPU = Debug|Any CPU
		Release|Any CPU = Release|Any CPU
	EndGlobalSection
	GlobalSection(ProjectConfigurationPlatforms) = postSolution
		{1EAD2E96-52C5-4301-BB80-4705D0410B53}.Debug|Any CPU.ActiveCfg = Debug|Any CPU
		{1EAD2E96-52C5-4301-BB80-4705D0410B53}.Debug|Any CPU.Build.0 = Debug|Any CPU
		{1EAD2E96-52C5-4301-BB80-4705D0410B53}.Release|Any CPU.ActiveCfg = Release|Any CPU
		{1EAD2E96-52C5-4301-BB80-4705D0410B53}.Release|Any CPU.Build.0 = Release|Any CPU
		{0AE9ADDD-825A-4505-BAD3-D8821C452EAA}.Debug|Any CPU.ActiveCfg = Debug|Any CPU
		{0AE9ADDD-825A-4505-BAD3-D8821C452EAA}.Debug|Any CPU.Build.0 = Debug|Any CPU
		{0AE9ADDD-825A-4505-BAD3-D8821C452EAA}.Release|Any CPU.ActiveCfg = Release|Any CPU
		{0AE9ADDD-825A-4505-BAD3-D8821C452EAA}.Release|Any CPU.Build.0 = Release|Any CPU
		{1E4C9DF1-242B-46E9-9369-1F74C5B97122}.Debug|Any CPU.ActiveCfg = Debug|Any CPU
		{1E4C9DF1-242B-46E9-9369-1F74C5B97122}.Debug|Any CPU.Build.0 = Debug|Any CPU
		{1E4C9DF1-242B-46E9-9369-1F74C5B97122}.Release|Any CPU.ActiveCfg = Release|Any CPU
		{1E4C9DF1-242B-46E9-9369-1F74C5B97122}.Release|Any CPU.Build.0 = Release|Any CPU
		{D0398E4C-4420-4190-9109-712F232110A6}.Debug|Any CPU.ActiveCfg = Debug|Any CPU
		{D0398E4C-4420-4190-9109-712F232110A6}.Debug|Any CPU.Build.0 = Debug|Any CPU
		{D0398E4C-4420-4190-9109-712F232110A6}.Release|Any CPU.ActiveCfg = Release|Any CPU
		{D0398E4C-4420-4190-9109-712F232110A6}.Release|Any CPU.Build.0 = Release|Any CPU
		{101DBF40-D7EB-47B6-A055-513DE141DE07}.Debug|Any CPU.ActiveCfg = Debug|Any CPU
		{101DBF40-D7EB-47B6-A055-513DE141DE07}.Debug|Any CPU.Build.0 = Debug|Any CPU
		{101DBF40-D7EB-47B6-A055-513DE141DE07}.Release|Any CPU.ActiveCfg = Release|Any CPU
		{101DBF40-D7EB-47B6-A055-513DE141DE07}.Release|Any CPU.Build.0 = Release|Any CPU
	EndGlobalSection
	GlobalSection(SolutionProperties) = preSolution
		HideSolutionNode = FALSE
	EndGlobalSection
	GlobalSection(ExtensibilityGlobals) = postSolution
		SolutionGuid = {718283EA-A298-4950-8622-0AB12C55B3AE}
	EndGlobalSection
EndGlobal
