
Microsoft Visual Studio Solution File, Format Version 12.00
# Visual Studio Version 17
VisualStudioVersion = 17.0.31919.166
MinimumVisualStudioVersion = 10.0.40219.1
Project("{F2A71F9B-5D33-465A-A702-920D77279786}") = "LR8_5", "LR8_5\LR8_5.fsproj", "{EA8E9C3B-EFF9-4B81-93DC-D684DCF16CE5}"
EndProject
Project("{F2A71F9B-5D33-465A-A702-920D77279786}") = "LR_5-10", "LR_5-10\LR_5-10.fsproj", "{3AF3D23B-A068-43BB-B3D1-311F04550F98}"
EndProject
Global
	GlobalSection(SolutionConfigurationPlatforms) = preSolution
		Debug|Any CPU = Debug|Any CPU
		Release|Any CPU = Release|Any CPU
	EndGlobalSection
	GlobalSection(ProjectConfigurationPlatforms) = postSolution
		{EA8E9C3B-EFF9-4B81-93DC-D684DCF16CE5}.Debug|Any CPU.ActiveCfg = Debug|Any CPU
		{EA8E9C3B-EFF9-4B81-93DC-D684DCF16CE5}.Debug|Any CPU.Build.0 = Debug|Any CPU
		{EA8E9C3B-EFF9-4B81-93DC-D684DCF16CE5}.Release|Any CPU.ActiveCfg = Release|Any CPU
		{EA8E9C3B-EFF9-4B81-93DC-D684DCF16CE5}.Release|Any CPU.Build.0 = Release|Any CPU
		{3AF3D23B-A068-43BB-B3D1-311F04550F98}.Debug|Any CPU.ActiveCfg = Debug|Any CPU
		{3AF3D23B-A068-43BB-B3D1-311F04550F98}.Debug|Any CPU.Build.0 = Debug|Any CPU
		{3AF3D23B-A068-43BB-B3D1-311F04550F98}.Release|Any CPU.ActiveCfg = Release|Any CPU
		{3AF3D23B-A068-43BB-B3D1-311F04550F98}.Release|Any CPU.Build.0 = Release|Any CPU
	EndGlobalSection
	GlobalSection(SolutionProperties) = preSolution
		HideSolutionNode = FALSE
	EndGlobalSection
	GlobalSection(ExtensibilityGlobals) = postSolution
		SolutionGuid = {718283EA-A298-4950-8622-0AB12C55B3AE}
	EndGlobalSection
EndGlobal
