
Microsoft Visual Studio Solution File, Format Version 12.00
# Visual Studio Version 17
VisualStudioVersion = 17.0.32112.339
MinimumVisualStudioVersion = 10.0.40219.1
Project("{6EC3EE1D-3C4E-46DD-8F32-0CC8E7565705}") = "LR7_11 - 1.9", "LR7_11 - 1.9\LR7_11 - 1.9.fsproj", "{938979A9-36F6-4530-8C68-150394F9B845}"
EndProject
Project("{F2A71F9B-5D33-465A-A702-920D77279786}") = "LR7_12 - 1.19", "LR7_12 - 1.19\LR7_12 - 1.19.fsproj", "{D6A19F76-4429-4AED-AA9B-9D9882A2C78D}"
EndProject
Project("{F2A71F9B-5D33-465A-A702-920D77279786}") = "LR7_13 - 1.29", "LR7_13 - 1.29\LR7_13 - 1.29.fsproj", "{2F40A00B-D489-46A6-B4C5-C1D625B8BF68}"
EndProject
Project("{F2A71F9B-5D33-465A-A702-920D77279786}") = "LR7_14 - 1.39", "LR7_14 - 1.39\LR7_14 - 1.39.fsproj", "{B661CC44-CA42-4F97-800B-4C7CD2540AF7}"
EndProject
Project("{F2A71F9B-5D33-465A-A702-920D77279786}") = "LR7_15 - 1.49", "LR7_15 - 1.49\LR7_15 - 1.49.fsproj", "{2131A26E-8993-42DA-B8B6-42FDC099AC40}"
EndProject
Project("{F2A71F9B-5D33-465A-A702-920D77279786}") = "LR7_16 - 1.59", "LR7_16 - 1.59\LR7_16 - 1.59.fsproj", "{CB169808-B75D-442E-80E1-4250B14D65E1}"
EndProject
Project("{F2A71F9B-5D33-465A-A702-920D77279786}") = "LR7_17 - 9", "LR7_17 - 9\LR7_17 - 9.fsproj", "{C1077512-273A-477D-8B52-548D257FAD7D}"
EndProject
Project("{F2A71F9B-5D33-465A-A702-920D77279786}") = "LR7_18 - 9", "LR7_18 - 9\LR7_18 - 9.fsproj", "{415C5687-112E-4BE2-AD73-1345F4D04F9D}"
EndProject
Project("{F2A71F9B-5D33-465A-A702-920D77279786}") = "LR7_19", "LR7_19\LR7_19.fsproj", "{F4D37A76-DFAA-4637-9A5E-07FF46F587BA}"
EndProject
Project("{F2A71F9B-5D33-465A-A702-920D77279786}") = "LR7_20", "LR7_20\LR7_20.fsproj", "{39A806BC-AEA9-4F9F-A880-B68B3CC26F43}"
EndProject
Global
	GlobalSection(SolutionConfigurationPlatforms) = preSolution
		Debug|Any CPU = Debug|Any CPU
		Release|Any CPU = Release|Any CPU
	EndGlobalSection
	GlobalSection(ProjectConfigurationPlatforms) = postSolution
		{938979A9-36F6-4530-8C68-150394F9B845}.Debug|Any CPU.ActiveCfg = Debug|Any CPU
		{938979A9-36F6-4530-8C68-150394F9B845}.Debug|Any CPU.Build.0 = Debug|Any CPU
		{938979A9-36F6-4530-8C68-150394F9B845}.Release|Any CPU.ActiveCfg = Release|Any CPU
		{938979A9-36F6-4530-8C68-150394F9B845}.Release|Any CPU.Build.0 = Release|Any CPU
		{D6A19F76-4429-4AED-AA9B-9D9882A2C78D}.Debug|Any CPU.ActiveCfg = Debug|Any CPU
		{D6A19F76-4429-4AED-AA9B-9D9882A2C78D}.Debug|Any CPU.Build.0 = Debug|Any CPU
		{D6A19F76-4429-4AED-AA9B-9D9882A2C78D}.Release|Any CPU.ActiveCfg = Release|Any CPU
		{D6A19F76-4429-4AED-AA9B-9D9882A2C78D}.Release|Any CPU.Build.0 = Release|Any CPU
		{2F40A00B-D489-46A6-B4C5-C1D625B8BF68}.Debug|Any CPU.ActiveCfg = Debug|Any CPU
		{2F40A00B-D489-46A6-B4C5-C1D625B8BF68}.Debug|Any CPU.Build.0 = Debug|Any CPU
		{2F40A00B-D489-46A6-B4C5-C1D625B8BF68}.Release|Any CPU.ActiveCfg = Release|Any CPU
		{2F40A00B-D489-46A6-B4C5-C1D625B8BF68}.Release|Any CPU.Build.0 = Release|Any CPU
		{B661CC44-CA42-4F97-800B-4C7CD2540AF7}.Debug|Any CPU.ActiveCfg = Debug|Any CPU
		{B661CC44-CA42-4F97-800B-4C7CD2540AF7}.Debug|Any CPU.Build.0 = Debug|Any CPU
		{B661CC44-CA42-4F97-800B-4C7CD2540AF7}.Release|Any CPU.ActiveCfg = Release|Any CPU
		{B661CC44-CA42-4F97-800B-4C7CD2540AF7}.Release|Any CPU.Build.0 = Release|Any CPU
		{2131A26E-8993-42DA-B8B6-42FDC099AC40}.Debug|Any CPU.ActiveCfg = Debug|Any CPU
		{2131A26E-8993-42DA-B8B6-42FDC099AC40}.Debug|Any CPU.Build.0 = Debug|Any CPU
		{2131A26E-8993-42DA-B8B6-42FDC099AC40}.Release|Any CPU.ActiveCfg = Release|Any CPU
		{2131A26E-8993-42DA-B8B6-42FDC099AC40}.Release|Any CPU.Build.0 = Release|Any CPU
		{CB169808-B75D-442E-80E1-4250B14D65E1}.Debug|Any CPU.ActiveCfg = Debug|Any CPU
		{CB169808-B75D-442E-80E1-4250B14D65E1}.Debug|Any CPU.Build.0 = Debug|Any CPU
		{CB169808-B75D-442E-80E1-4250B14D65E1}.Release|Any CPU.ActiveCfg = Release|Any CPU
		{CB169808-B75D-442E-80E1-4250B14D65E1}.Release|Any CPU.Build.0 = Release|Any CPU
		{C1077512-273A-477D-8B52-548D257FAD7D}.Debug|Any CPU.ActiveCfg = Debug|Any CPU
		{C1077512-273A-477D-8B52-548D257FAD7D}.Debug|Any CPU.Build.0 = Debug|Any CPU
		{C1077512-273A-477D-8B52-548D257FAD7D}.Release|Any CPU.ActiveCfg = Release|Any CPU
		{C1077512-273A-477D-8B52-548D257FAD7D}.Release|Any CPU.Build.0 = Release|Any CPU
		{415C5687-112E-4BE2-AD73-1345F4D04F9D}.Debug|Any CPU.ActiveCfg = Debug|Any CPU
		{415C5687-112E-4BE2-AD73-1345F4D04F9D}.Debug|Any CPU.Build.0 = Debug|Any CPU
		{415C5687-112E-4BE2-AD73-1345F4D04F9D}.Release|Any CPU.ActiveCfg = Release|Any CPU
		{415C5687-112E-4BE2-AD73-1345F4D04F9D}.Release|Any CPU.Build.0 = Release|Any CPU
		{F4D37A76-DFAA-4637-9A5E-07FF46F587BA}.Debug|Any CPU.ActiveCfg = Debug|Any CPU
		{F4D37A76-DFAA-4637-9A5E-07FF46F587BA}.Debug|Any CPU.Build.0 = Debug|Any CPU
		{F4D37A76-DFAA-4637-9A5E-07FF46F587BA}.Release|Any CPU.ActiveCfg = Release|Any CPU
		{F4D37A76-DFAA-4637-9A5E-07FF46F587BA}.Release|Any CPU.Build.0 = Release|Any CPU
		{39A806BC-AEA9-4F9F-A880-B68B3CC26F43}.Debug|Any CPU.ActiveCfg = Debug|Any CPU
		{39A806BC-AEA9-4F9F-A880-B68B3CC26F43}.Debug|Any CPU.Build.0 = Debug|Any CPU
		{39A806BC-AEA9-4F9F-A880-B68B3CC26F43}.Release|Any CPU.ActiveCfg = Release|Any CPU
		{39A806BC-AEA9-4F9F-A880-B68B3CC26F43}.Release|Any CPU.Build.0 = Release|Any CPU
	EndGlobalSection
	GlobalSection(SolutionProperties) = preSolution
		HideSolutionNode = FALSE
	EndGlobalSection
	GlobalSection(ExtensibilityGlobals) = postSolution
		SolutionGuid = {5B58AEBE-3E08-4C92-8582-80531BC6F4C0}
	EndGlobalSection
EndGlobal
